
Microsoft Visual Studio Solution File, Format Version 12.00
# Visual Studio Version 17
VisualStudioVersion = 17.9.34728.123
MinimumVisualStudioVersion = 10.0.40219.1
Project("{FAE04EC0-301F-11D3-BF4B-00C04F79EFBC}") = "Billing_Payment_System.Server", "Billing_Payment_System.Server\Billing_Payment_System.Server.csproj", "{3B06636D-8380-48C9-AF4F-1A9CCA83942D}"
EndProject
Project("{54A90642-561A-4BB1-A94E-469ADEE60C69}") = "billing_payment_system.client", "billing_payment_system.client\billing_payment_system.client.esproj", "{E5035B9E-0665-4CD0-9583-690FB677FF01}"
EndProject
Global
	GlobalSection(SolutionConfigurationPlatforms) = preSolution
		Debug|Any CPU = Debug|Any CPU
		Release|Any CPU = Release|Any CPU
	EndGlobalSection
	GlobalSection(ProjectConfigurationPlatforms) = postSolution
		{3B06636D-8380-48C9-AF4F-1A9CCA83942D}.Debug|Any CPU.ActiveCfg = Debug|Any CPU
		{3B06636D-8380-48C9-AF4F-1A9CCA83942D}.Debug|Any CPU.Build.0 = Debug|Any CPU
		{3B06636D-8380-48C9-AF4F-1A9CCA83942D}.Release|Any CPU.ActiveCfg = Release|Any CPU
		{3B06636D-8380-48C9-AF4F-1A9CCA83942D}.Release|Any CPU.Build.0 = Release|Any CPU
		{E5035B9E-0665-4CD0-9583-690FB677FF01}.Debug|Any CPU.ActiveCfg = Debug|Any CPU
		{E5035B9E-0665-4CD0-9583-690FB677FF01}.Debug|Any CPU.Build.0 = Debug|Any CPU
		{E5035B9E-0665-4CD0-9583-690FB677FF01}.Debug|Any CPU.Deploy.0 = Debug|Any CPU
		{E5035B9E-0665-4CD0-9583-690FB677FF01}.Release|Any CPU.ActiveCfg = Release|Any CPU
		{E5035B9E-0665-4CD0-9583-690FB677FF01}.Release|Any CPU.Build.0 = Release|Any CPU
		{E5035B9E-0665-4CD0-9583-690FB677FF01}.Release|Any CPU.Deploy.0 = Release|Any CPU
	EndGlobalSection
	GlobalSection(SolutionProperties) = preSolution
		HideSolutionNode = FALSE
	EndGlobalSection
	GlobalSection(ExtensibilityGlobals) = postSolution
		SolutionGuid = {952B0659-60F0-4E95-BCFB-C6C7ABD52D83}
	EndGlobalSection
EndGlobal
